
Microsoft Visual Studio Solution File, Format Version 12.00
# Visual Studio Version 17
VisualStudioVersion = 17.11.35208.52
MinimumVisualStudioVersion = 10.0.40219.1
Project("{FAE04EC0-301F-11D3-BF4B-00C04F79EFBC}") = "Texas älskar saker upp i röven (sorterings algoritmer)", "Texas älskar saker upp i röven (sorterings algoritmer)\Texas älskar saker upp i röven (sorterings algoritmer).csproj", "{4532904A-60AF-4C02-9AF0-D37B7AFA2EAA}"
EndProject
Global
	GlobalSection(SolutionConfigurationPlatforms) = preSolution
		Debug|Any CPU = Debug|Any CPU
		Release|Any CPU = Release|Any CPU
	EndGlobalSection
	GlobalSection(ProjectConfigurationPlatforms) = postSolution
		{4532904A-60AF-4C02-9AF0-D37B7AFA2EAA}.Debug|Any CPU.ActiveCfg = Debug|Any CPU
		{4532904A-60AF-4C02-9AF0-D37B7AFA2EAA}.Debug|Any CPU.Build.0 = Debug|Any CPU
		{4532904A-60AF-4C02-9AF0-D37B7AFA2EAA}.Release|Any CPU.ActiveCfg = Release|Any CPU
		{4532904A-60AF-4C02-9AF0-D37B7AFA2EAA}.Release|Any CPU.Build.0 = Release|Any CPU
	EndGlobalSection
	GlobalSection(SolutionProperties) = preSolution
		HideSolutionNode = FALSE
	EndGlobalSection
	GlobalSection(ExtensibilityGlobals) = postSolution
		SolutionGuid = {03E5BC9F-E3B7-4499-BEA7-C7DBE7115E12}
	EndGlobalSection
EndGlobal
